// !$*UTF8*$!
{
	archiveVersion = 1;
	classes = {
	};
	objectVersion = 46;
	objects = {

/* Begin PBXBuildFile section */
		9F4D25301ABCA538008BFE94 /* barcode.m in Sources */ = {isa = PBXBuildFile; fileRef = 9F4D252F1ABCA538008BFE94 /* barcode.m */; };
		9F8BB0251ABC971800F3CBC4 /* main.m in Sources */ = {isa = PBXBuildFile; fileRef = 9F8BB0241ABC971800F3CBC4 /* main.m */; };
		9F8BB0281ABC971800F3CBC4 /* AppDelegate.m in Sources */ = {isa = PBXBuildFile; fileRef = 9F8BB0271ABC971800F3CBC4 /* AppDelegate.m */; };
		9F8BB02B1ABC971800F3CBC4 /* ViewController.m in Sources */ = {isa = PBXBuildFile; fileRef = 9F8BB02A1ABC971800F3CBC4 /* ViewController.m */; };
		9F8BB02E1ABC971800F3CBC4 /* Main.storyboard in Resources */ = {isa = PBXBuildFile; fileRef = 9F8BB02C1ABC971800F3CBC4 /* Main.storyboard */; };
		9F8BB0301ABC971800F3CBC4 /* Images.xcassets in Resources */ = {isa = PBXBuildFile; fileRef = 9F8BB02F1ABC971800F3CBC4 /* Images.xcassets */; };
		9F8BB0331ABC971800F3CBC4 /* LaunchScreen.xib in Resources */ = {isa = PBXBuildFile; fileRef = 9F8BB0311ABC971800F3CBC4 /* LaunchScreen.xib */; };
		9F8BB03F1ABC971800F3CBC4 /* barcode_proof_of_conceptTests.m in Sources */ = {isa = PBXBuildFile; fileRef = 9F8BB03E1ABC971800F3CBC4 /* barcode_proof_of_conceptTests.m */; };
/* End PBXBuildFile section */

/* Begin PBXContainerItemProxy section */
		9F8BB0391ABC971800F3CBC4 /* PBXContainerItemProxy */ = {
			isa = PBXContainerItemProxy;
			containerPortal = 9F8BB0171ABC971800F3CBC4 /* Project object */;
			proxyType = 1;
			remoteGlobalIDString = 9F8BB01E1ABC971800F3CBC4;
			remoteInfo = "barcode-proof-of-concept";
		};
/* End PBXContainerItemProxy section */

/* Begin PBXFileReference section */
		4950F2C33EF9FDCCC7EEDCD9 /* Pods-barcode-proof-of-concept.debug.xcconfig */ = {isa = PBXFileReference; includeInIndex = 1; lastKnownFileType = text.xcconfig; name = "Pods-barcode-proof-of-concept.debug.xcconfig"; path = "Pods/Target Support Files/Pods-barcode-proof-of-concept/Pods-barcode-proof-of-concept.debug.xcconfig"; sourceTree = "<group>"; };
		95EFAD0008D921FF2CF98854 /* Pods-barcode-proof-of-concept.release.xcconfig */ = {isa = PBXFileReference; includeInIndex = 1; lastKnownFileType = text.xcconfig; name = "Pods-barcode-proof-of-concept.release.xcconfig"; path = "Pods/Target Support Files/Pods-barcode-proof-of-concept/Pods-barcode-proof-of-concept.release.xcconfig"; sourceTree = "<group>"; };
		9F4D252E1ABCA538008BFE94 /* barcode.h */ = {isa = PBXFileReference; fileEncoding = 4; lastKnownFileType = sourcecode.c.h; path = barcode.h; sourceTree = "<group>"; };
		9F4D252F1ABCA538008BFE94 /* barcode.m */ = {isa = PBXFileReference; fileEncoding = 4; lastKnownFileType = sourcecode.c.objc; path = barcode.m; sourceTree = "<group>"; };
		9F8BB01F1ABC971800F3CBC4 /* barcode-proof-of-concept.app */ = {isa = PBXFileReference; explicitFileType = wrapper.application; includeInIndex = 0; path = "barcode-proof-of-concept.app"; sourceTree = BUILT_PRODUCTS_DIR; };
		9F8BB0231ABC971800F3CBC4 /* Info.plist */ = {isa = PBXFileReference; lastKnownFileType = text.plist.xml; path = Info.plist; sourceTree = "<group>"; };
		9F8BB0241ABC971800F3CBC4 /* main.m */ = {isa = PBXFileReference; lastKnownFileType = sourcecode.c.objc; path = main.m; sourceTree = "<group>"; };
		9F8BB0261ABC971800F3CBC4 /* AppDelegate.h */ = {isa = PBXFileReference; lastKnownFileType = sourcecode.c.h; path = AppDelegate.h; sourceTree = "<group>"; };
		9F8BB0271ABC971800F3CBC4 /* AppDelegate.m */ = {isa = PBXFileReference; lastKnownFileType = sourcecode.c.objc; path = AppDelegate.m; sourceTree = "<group>"; };
		9F8BB0291ABC971800F3CBC4 /* ViewController.h */ = {isa = PBXFileReference; lastKnownFileType = sourcecode.c.h; path = ViewController.h; sourceTree = "<group>"; };
		9F8BB02A1ABC971800F3CBC4 /* ViewController.m */ = {isa = PBXFileReference; lastKnownFileType = sourcecode.c.objc; path = ViewController.m; sourceTree = "<group>"; };
		9F8BB02D1ABC971800F3CBC4 /* Base */ = {isa = PBXFileReference; lastKnownFileType = file.storyboard; name = Base; path = Base.lproj/Main.storyboard; sourceTree = "<group>"; };
		9F8BB02F1ABC971800F3CBC4 /* Images.xcassets */ = {isa = PBXFileReference; lastKnownFileType = folder.assetcatalog; path = Images.xcassets; sourceTree = "<group>"; };
		9F8BB0321ABC971800F3CBC4 /* Base */ = {isa = PBXFileReference; lastKnownFileType = file.xib; name = Base; path = Base.lproj/LaunchScreen.xib; sourceTree = "<group>"; };
		9F8BB0381ABC971800F3CBC4 /* barcode-proof-of-conceptTests.xctest */ = {isa = PBXFileReference; explicitFileType = wrapper.cfbundle; includeInIndex = 0; path = "barcode-proof-of-conceptTests.xctest"; sourceTree = BUILT_PRODUCTS_DIR; };
		9F8BB03D1ABC971800F3CBC4 /* Info.plist */ = {isa = PBXFileReference; lastKnownFileType = text.plist.xml; path = Info.plist; sourceTree = "<group>"; };
		9F8BB03E1ABC971800F3CBC4 /* barcode_proof_of_conceptTests.m */ = {isa = PBXFileReference; lastKnownFileType = sourcecode.c.objc; path = barcode_proof_of_conceptTests.m; sourceTree = "<group>"; };
		C14C98C80D70780E25196756 /* libPods-barcode-proof-of-concept.a */ = {isa = PBXFileReference; explicitFileType = archive.ar; includeInIndex = 0; path = "libPods-barcode-proof-of-concept.a"; sourceTree = BUILT_PRODUCTS_DIR; };
/* End PBXFileReference section */

/* Begin PBXFrameworksBuildPhase section */
		9F8BB01C1ABC971800F3CBC4 /* Frameworks */ = {
			isa = PBXFrameworksBuildPhase;
			buildActionMask = 2147483647;
			files = (
			);
			runOnlyForDeploymentPostprocessing = 0;
		};
		9F8BB0351ABC971800F3CBC4 /* Frameworks */ = {
			isa = PBXFrameworksBuildPhase;
			buildActionMask = 2147483647;
			files = (
			);
			runOnlyForDeploymentPostprocessing = 0;
		};
/* End PBXFrameworksBuildPhase section */

/* Begin PBXGroup section */
		0A3DE9662D438CFAA6FC21E2 /* Frameworks */ = {
			isa = PBXGroup;
			children = (
				C14C98C80D70780E25196756 /* libPods-barcode-proof-of-concept.a */,
			);
			name = Frameworks;
			sourceTree = "<group>";
		};
		1D608DE22A33C56A7360F1EF /* Pods */ = {
			isa = PBXGroup;
			children = (
				4950F2C33EF9FDCCC7EEDCD9 /* Pods-barcode-proof-of-concept.debug.xcconfig */,
				95EFAD0008D921FF2CF98854 /* Pods-barcode-proof-of-concept.release.xcconfig */,
			);
			name = Pods;
			sourceTree = "<group>";
		};
		9F4D252D1ABCA51A008BFE94 /* Barcode */ = {
			isa = PBXGroup;
			children = (
				9F4D252E1ABCA538008BFE94 /* barcode.h */,
				9F4D252F1ABCA538008BFE94 /* barcode.m */,
			);
			name = Barcode;
			sourceTree = "<group>";
		};
		9F8BB0161ABC971800F3CBC4 = {
			isa = PBXGroup;
			children = (
				9F8BB0211ABC971800F3CBC4 /* barcode-proof-of-concept */,
				9F8BB03B1ABC971800F3CBC4 /* barcode-proof-of-conceptTests */,
				9F8BB0201ABC971800F3CBC4 /* Products */,
				1D608DE22A33C56A7360F1EF /* Pods */,
				0A3DE9662D438CFAA6FC21E2 /* Frameworks */,
			);
			sourceTree = "<group>";
		};
		9F8BB0201ABC971800F3CBC4 /* Products */ = {
			isa = PBXGroup;
			children = (
				9F8BB01F1ABC971800F3CBC4 /* barcode-proof-of-concept.app */,
				9F8BB0381ABC971800F3CBC4 /* barcode-proof-of-conceptTests.xctest */,
			);
			name = Products;
			sourceTree = "<group>";
		};
		9F8BB0211ABC971800F3CBC4 /* barcode-proof-of-concept */ = {
			isa = PBXGroup;
			children = (
				9F4D252D1ABCA51A008BFE94 /* Barcode */,
				9F8BB0261ABC971800F3CBC4 /* AppDelegate.h */,
				9F8BB0271ABC971800F3CBC4 /* AppDelegate.m */,
				9F8BB0291ABC971800F3CBC4 /* ViewController.h */,
				9F8BB02A1ABC971800F3CBC4 /* ViewController.m */,
				9F8BB02C1ABC971800F3CBC4 /* Main.storyboard */,
				9F8BB02F1ABC971800F3CBC4 /* Images.xcassets */,
				9F8BB0311ABC971800F3CBC4 /* LaunchScreen.xib */,
				9F8BB0221ABC971800F3CBC4 /* Supporting Files */,
			);
			path = "barcode-proof-of-concept";
			sourceTree = "<group>";
		};
		9F8BB0221ABC971800F3CBC4 /* Supporting Files */ = {
			isa = PBXGroup;
			children = (
				9F8BB0231ABC971800F3CBC4 /* Info.plist */,
				9F8BB0241ABC971800F3CBC4 /* main.m */,
			);
			name = "Supporting Files";
			sourceTree = "<group>";
		};
		9F8BB03B1ABC971800F3CBC4 /* barcode-proof-of-conceptTests */ = {
			isa = PBXGroup;
			children = (
				9F8BB03E1ABC971800F3CBC4 /* barcode_proof_of_conceptTests.m */,
				9F8BB03C1ABC971800F3CBC4 /* Supporting Files */,
			);
			path = "barcode-proof-of-conceptTests";
			sourceTree = "<group>";
		};
		9F8BB03C1ABC971800F3CBC4 /* Supporting Files */ = {
			isa = PBXGroup;
			children = (
				9F8BB03D1ABC971800F3CBC4 /* Info.plist */,
			);
			name = "Supporting Files";
			sourceTree = "<group>";
		};
/* End PBXGroup section */

/* Begin PBXNativeTarget section */
		9F8BB01E1ABC971800F3CBC4 /* barcode-proof-of-concept */ = {
			isa = PBXNativeTarget;
			buildConfigurationList = 9F8BB0421ABC971800F3CBC4 /* Build configuration list for PBXNativeTarget "barcode-proof-of-concept" */;
			buildPhases = (
				9F8BB01B1ABC971800F3CBC4 /* Sources */,
				9F8BB01C1ABC971800F3CBC4 /* Frameworks */,
				9F8BB01D1ABC971800F3CBC4 /* Resources */,
			);
			buildRules = (
			);
			dependencies = (
			);
			name = "barcode-proof-of-concept";
			productName = "barcode-proof-of-concept";
			productReference = 9F8BB01F1ABC971800F3CBC4 /* barcode-proof-of-concept.app */;
			productType = "com.apple.product-type.application";
		};
		9F8BB0371ABC971800F3CBC4 /* barcode-proof-of-conceptTests */ = {
			isa = PBXNativeTarget;
			buildConfigurationList = 9F8BB0451ABC971800F3CBC4 /* Build configuration list for PBXNativeTarget "barcode-proof-of-conceptTests" */;
			buildPhases = (
				9F8BB0341ABC971800F3CBC4 /* Sources */,
				9F8BB0351ABC971800F3CBC4 /* Frameworks */,
				9F8BB0361ABC971800F3CBC4 /* Resources */,
			);
			buildRules = (
			);
			dependencies = (
				9F8BB03A1ABC971800F3CBC4 /* PBXTargetDependency */,
			);
			name = "barcode-proof-of-conceptTests";
			productName = "barcode-proof-of-conceptTests";
			productReference = 9F8BB0381ABC971800F3CBC4 /* barcode-proof-of-conceptTests.xctest */;
			productType = "com.apple.product-type.bundle.unit-test";
		};
/* End PBXNativeTarget section */

/* Begin PBXProject section */
		9F8BB0171ABC971800F3CBC4 /* Project object */ = {
			isa = PBXProject;
			attributes = {
				LastUpgradeCheck = 0720;
				ORGANIZATIONNAME = speedcomm;
				TargetAttributes = {
					9F8BB01E1ABC971800F3CBC4 = {
						CreatedOnToolsVersion = 6.2;
					};
					9F8BB0371ABC971800F3CBC4 = {
						CreatedOnToolsVersion = 6.2;
						TestTargetID = 9F8BB01E1ABC971800F3CBC4;
					};
				};
			};
			buildConfigurationList = 9F8BB01A1ABC971800F3CBC4 /* Build configuration list for PBXProject "barcode-proof-of-concept" */;
			compatibilityVersion = "Xcode 3.2";
			developmentRegion = English;
			hasScannedForEncodings = 0;
			knownRegions = (
				en,
				Base,
			);
			mainGroup = 9F8BB0161ABC971800F3CBC4;
			productRefGroup = 9F8BB0201ABC971800F3CBC4 /* Products */;
			projectDirPath = "";
			projectRoot = "";
			targets = (
				9F8BB01E1ABC971800F3CBC4 /* barcode-proof-of-concept */,
				9F8BB0371ABC971800F3CBC4 /* barcode-proof-of-conceptTests */,
			);
		};
/* End PBXProject section */

/* Begin PBXResourcesBuildPhase section */
		9F8BB01D1ABC971800F3CBC4 /* Resources */ = {
			isa = PBXResourcesBuildPhase;
			buildActionMask = 2147483647;
			files = (
				9F8BB02E1ABC971800F3CBC4 /* Main.storyboard in Resources */,
				9F8BB0331ABC971800F3CBC4 /* LaunchScreen.xib in Resources */,
				9F8BB0301ABC971800F3CBC4 /* Images.xcassets in Resources */,
			);
			runOnlyForDeploymentPostprocessing = 0;
		};
		9F8BB0361ABC971800F3CBC4 /* Resources */ = {
			isa = PBXResourcesBuildPhase;
			buildActionMask = 2147483647;
			files = (
			);
			runOnlyForDeploymentPostprocessing = 0;
		};
/* End PBXResourcesBuildPhase section */

/* Begin PBXSourcesBuildPhase section */
		9F8BB01B1ABC971800F3CBC4 /* Sources */ = {
			isa = PBXSourcesBuildPhase;
			buildActionMask = 2147483647;
			files = (
				9F4D25301ABCA538008BFE94 /* barcode.m in Sources */,
				9F8BB02B1ABC971800F3CBC4 /* ViewController.m in Sources */,
				9F8BB0281ABC971800F3CBC4 /* AppDelegate.m in Sources */,
				9F8BB0251ABC971800F3CBC4 /* main.m in Sources */,
			);
			runOnlyForDeploymentPostprocessing = 0;
		};
		9F8BB0341ABC971800F3CBC4 /* Sources */ = {
			isa = PBXSourcesBuildPhase;
			buildActionMask = 2147483647;
			files = (
				9F8BB03F1ABC971800F3CBC4 /* barcode_proof_of_conceptTests.m in Sources */,
			);
			runOnlyForDeploymentPostprocessing = 0;
		};
/* End PBXSourcesBuildPhase section */

/* Begin PBXTargetDependency section */
		9F8BB03A1ABC971800F3CBC4 /* PBXTargetDependency */ = {
			isa = PBXTargetDependency;
			target = 9F8BB01E1ABC971800F3CBC4 /* barcode-proof-of-concept */;
			targetProxy = 9F8BB0391ABC971800F3CBC4 /* PBXContainerItemProxy */;
		};
/* End PBXTargetDependency section */

/* Begin PBXVariantGroup section */
		9F8BB02C1ABC971800F3CBC4 /* Main.storyboard */ = {
			isa = PBXVariantGroup;
			children = (
				9F8BB02D1ABC971800F3CBC4 /* Base */,
			);
			name = Main.storyboard;
			sourceTree = "<group>";
		};
		9F8BB0311ABC971800F3CBC4 /* LaunchScreen.xib */ = {
			isa = PBXVariantGroup;
			children = (
				9F8BB0321ABC971800F3CBC4 /* Base */,
			);
			name = LaunchScreen.xib;
			sourceTree = "<group>";
		};
/* End PBXVariantGroup section */

/* Begin XCBuildConfiguration section */
		9F8BB0411ABC971800F3CBC4 /* Release */ = {
			isa = XCBuildConfiguration;
			buildSettings = {
				ALWAYS_SEARCH_USER_PATHS = NO;
				CLANG_CXX_LANGUAGE_STANDARD = "gnu++0x";
				CLANG_CXX_LIBRARY = "libc++";
				CLANG_ENABLE_MODULES = YES;
				CLANG_ENABLE_OBJC_ARC = YES;
				CLANG_WARN_BOOL_CONVERSION = YES;
				CLANG_WARN_CONSTANT_CONVERSION = YES;
				CLANG_WARN_DIRECT_OBJC_ISA_USAGE = YES_ERROR;
				CLANG_WARN_EMPTY_BODY = YES;
				CLANG_WARN_ENUM_CONVERSION = YES;
				CLANG_WARN_INT_CONVERSION = YES;
				CLANG_WARN_OBJC_ROOT_CLASS = YES_ERROR;
				CLANG_WARN_UNREACHABLE_CODE = YES;
				CLANG_WARN__DUPLICATE_METHOD_MATCH = YES;
				"CODE_SIGN_IDENTITY[sdk=iphoneos*]" = "iPhone Developer";
				COPY_PHASE_STRIP = NO;
				ENABLE_NS_ASSERTIONS = NO;
				ENABLE_STRICT_OBJC_MSGSEND = YES;
				GCC_C_LANGUAGE_STANDARD = gnu99;
				GCC_WARN_64_TO_32_BIT_CONVERSION = YES;
				GCC_WARN_ABOUT_RETURN_TYPE = YES_ERROR;
				GCC_WARN_UNDECLARED_SELECTOR = YES;
				GCC_WARN_UNINITIALIZED_AUTOS = YES_AGGRESSIVE;
				GCC_WARN_UNUSED_FUNCTION = YES;
				GCC_WARN_UNUSED_VARIABLE = YES;
				IPHONEOS_DEPLOYMENT_TARGET = 8.2;
				MTL_ENABLE_DEBUG_INFO = NO;
				SDKROOT = iphoneos;
				TARGETED_DEVICE_FAMILY = "1,2";
				VALIDATE_PRODUCT = YES;
			};
			name = Release;
		};
		9F8BB0441ABC971800F3CBC4 /* Release */ = {
			isa = XCBuildConfiguration;
			buildSettings = {
				ASSETCATALOG_COMPILER_APPICON_NAME = AppIcon;
				INFOPLIST_FILE = "barcode-proof-of-concept/Info.plist";
				LD_RUNPATH_SEARCH_PATHS = "$(inherited)";
				PRODUCT_BUNDLE_IDENTIFIER = "br.com.speedcomm.$(PRODUCT_NAME:rfc1034identifier)";
				PRODUCT_NAME = "$(TARGET_NAME)";
			};
			name = Release;
		};
		9F8BB0471ABC971800F3CBC4 /* Release */ = {
			isa = XCBuildConfiguration;
			buildSettings = {
				BUNDLE_LOADER = "$(TEST_HOST)";
				FRAMEWORK_SEARCH_PATHS = (
					"$(SDKROOT)/Developer/Library/Frameworks",
					"$(inherited)",
				);
				INFOPLIST_FILE = "barcode-proof-of-conceptTests/Info.plist";
				LD_RUNPATH_SEARCH_PATHS = "$(inherited) @executable_path/Frameworks @loader_path/Frameworks";
				PRODUCT_BUNDLE_IDENTIFIER = "br.com.speedcomm.$(PRODUCT_NAME:rfc1034identifier)";
				PRODUCT_NAME = "$(TARGET_NAME)";
				TEST_HOST = "$(BUILT_PRODUCTS_DIR)/barcode-proof-of-concept.app/barcode-proof-of-concept";
			};
			name = Release;
		};
/* End XCBuildConfiguration section */

/* Begin XCConfigurationList section */
		9F8BB01A1ABC971800F3CBC4 /* Build configuration list for PBXProject "barcode-proof-of-concept" */ = {
			isa = XCConfigurationList;
			buildConfigurations = (
				9F8BB0411ABC971800F3CBC4 /* Release */,
			);
			defaultConfigurationIsVisible = 0;
			defaultConfigurationName = Release;
		};
		9F8BB0421ABC971800F3CBC4 /* Build configuration list for PBXNativeTarget "barcode-proof-of-concept" */ = {
			isa = XCConfigurationList;
			buildConfigurations = (
				9F8BB0441ABC971800F3CBC4 /* Release */,
			);
			defaultConfigurationIsVisible = 0;
			defaultConfigurationName = Release;
		};
		9F8BB0451ABC971800F3CBC4 /* Build configuration list for PBXNativeTarget "barcode-proof-of-conceptTests" */ = {
			isa = XCConfigurationList;
			buildConfigurations = (
				9F8BB0471ABC971800F3CBC4 /* Release */,
			);
			defaultConfigurationIsVisible = 0;
			defaultConfigurationName = Release;
		};
/* End XCConfigurationList section */
	};
	rootObject = 9F8BB0171ABC971800F3CBC4 /* Project object */;
}
